
Microsoft Visual Studio Solution File, Format Version 12.00
# Visual Studio Version 17
VisualStudioVersion = 17.5.33502.453
MinimumVisualStudioVersion = 10.0.40219.1
Project("{FAE04EC0-301F-11D3-BF4B-00C04F79EFBC}") = "AjaxProject", "AjaxProject\AjaxProject.csproj", "{D209DA3E-AB67-43B4-8E13-E03010BAC2D5}"
EndProject
Global
	GlobalSection(SolutionConfigurationPlatforms) = preSolution
		Debug|Any CPU = Debug|Any CPU
		Release|Any CPU = Release|Any CPU
	EndGlobalSection
	GlobalSection(ProjectConfigurationPlatforms) = postSolution
		{D209DA3E-AB67-43B4-8E13-E03010BAC2D5}.Debug|Any CPU.ActiveCfg = Debug|Any CPU
		{D209DA3E-AB67-43B4-8E13-E03010BAC2D5}.Debug|Any CPU.Build.0 = Debug|Any CPU
		{D209DA3E-AB67-43B4-8E13-E03010BAC2D5}.Release|Any CPU.ActiveCfg = Release|Any CPU
		{D209DA3E-AB67-43B4-8E13-E03010BAC2D5}.Release|Any CPU.Build.0 = Release|Any CPU
	EndGlobalSection
	GlobalSection(SolutionProperties) = preSolution
		HideSolutionNode = FALSE
	EndGlobalSection
	GlobalSection(ExtensibilityGlobals) = postSolution
		SolutionGuid = {152DCF17-A3E1-4238-B0C0-6AA5A41F9ACD}
	EndGlobalSection
EndGlobal
